{
  "name": "life-os-sync",
  "version": "1.0.0",
  "lockfileVersion": 3,
  "requires": true,
  "packages": {
    "": {
      "name": "life-os-sync",
      "version": "1.0.0",
      "dependencies": {
        "@zeppos/zml": "^0.0.42"
      }
    },
    "node_modules/@zeppos/zml": {
      "version": "0.0.42",
      "resolved": "https://registry.npmjs.org/@zeppos/zml/-/zml-0.0.42.tgz",
      "integrity": "sha512-uoyNJq+qdmlfEPhmZAnL1Eno7qt/+nnqjXGUBnJBVQ441lfG/Xwx7cQ2F1N13/QTyUcXikyTrtF9I+3NE6s7bA==",
      "license": "Apache-2.0"
    }
  }
}
